
Microsoft Visual Studio Solution File, Format Version 12.00
# Visual Studio Version 16
VisualStudioVersion = 16.0.28315.86
MinimumVisualStudioVersion = 10.0.40219.1
Project("{2150E333-8FDC-42A3-9474-1A3956D46DE8}") = "Engine", "Engine", "{38F0FE84-C1B0-403F-8917-379345CFD033}"
EndProject
Project("{2150E333-8FDC-42A3-9474-1A3956D46DE8}") = "Games", "Games", "{79F491F0-6815-4AAD-8A04-9E1E215547BB}"
EndProject
Project("{8BC9CEB8-8B4A-11D0-8D11-00A0C91BC942}") = "UE4", "Intermediate\ProjectFiles\UE4.vcxproj", "{FE72B186-AAFB-4644-BBD4-B40677C5F3F2}"
EndProject
Project("{8BC9CEB8-8B4A-11D0-8D11-00A0C91BC942}") = "AdvGamesProgramming", "Intermediate\ProjectFiles\AdvGamesProgramming.vcxproj", "{63EFC46B-37BB-4404-A892-72C5E0D1CCA5}"
EndProject
Project("{2150E333-8FDC-42A3-9474-1A3956D46DE8}") = "Visualizers", "Visualizers", "{2AA22864-7E5A-4F52-A152-EA4E0A0AAF38}"
	ProjectSection(SolutionItems) = preProject
		..\..\..\..\Program Files\Epic Games\UE_4.24\Engine\Extras\VisualStudioDebugging\UE4.natvis = ..\..\..\..\Program Files\Epic Games\UE_4.24\Engine\Extras\VisualStudioDebugging\UE4.natvis
	EndProjectSection
EndProject
Global
	GlobalSection(SolutionConfigurationPlatforms) = preSolution
		DebugGame Editor|Win32 = DebugGame Editor|Win32
		DebugGame Editor|Win64 = DebugGame Editor|Win64
		DebugGame|Win32 = DebugGame|Win32
		DebugGame|Win64 = DebugGame|Win64
		Development Editor|Win32 = Development Editor|Win32
		Development Editor|Win64 = Development Editor|Win64
		Development|Win32 = Development|Win32
		Development|Win64 = Development|Win64
		Shipping|Win32 = Shipping|Win32
		Shipping|Win64 = Shipping|Win64
	EndGlobalSection
	GlobalSection(ProjectConfigurationPlatforms) = postSolution
		{FE72B186-AAFB-4644-BBD4-B40677C5F3F2}.DebugGame Editor|Win32.ActiveCfg = BuiltWithUnrealBuildTool|Win32
		{FE72B186-AAFB-4644-BBD4-B40677C5F3F2}.DebugGame Editor|Win64.ActiveCfg = BuiltWithUnrealBuildTool|Win32
		{FE72B186-AAFB-4644-BBD4-B40677C5F3F2}.DebugGame|Win32.ActiveCfg = BuiltWithUnrealBuildTool|Win32
		{FE72B186-AAFB-4644-BBD4-B40677C5F3F2}.DebugGame|Win64.ActiveCfg = BuiltWithUnrealBuildTool|Win32
		{FE72B186-AAFB-4644-BBD4-B40677C5F3F2}.Development Editor|Win32.ActiveCfg = BuiltWithUnrealBuildTool|Win32
		{FE72B186-AAFB-4644-BBD4-B40677C5F3F2}.Development Editor|Win64.ActiveCfg = BuiltWithUnrealBuildTool|Win32
		{FE72B186-AAFB-4644-BBD4-B40677C5F3F2}.Development|Win32.ActiveCfg = BuiltWithUnrealBuildTool|Win32
		{FE72B186-AAFB-4644-BBD4-B40677C5F3F2}.Development|Win64.ActiveCfg = BuiltWithUnrealBuildTool|Win32
		{FE72B186-AAFB-4644-BBD4-B40677C5F3F2}.Shipping|Win32.ActiveCfg = BuiltWithUnrealBuildTool|Win32
		{FE72B186-AAFB-4644-BBD4-B40677C5F3F2}.Shipping|Win64.ActiveCfg = BuiltWithUnrealBuildTool|Win32
		{63EFC46B-37BB-4404-A892-72C5E0D1CCA5}.DebugGame Editor|Win32.ActiveCfg = Invalid|Win32
		{63EFC46B-37BB-4404-A892-72C5E0D1CCA5}.DebugGame Editor|Win64.ActiveCfg = DebugGame_Editor|x64
		{63EFC46B-37BB-4404-A892-72C5E0D1CCA5}.DebugGame Editor|Win64.Build.0 = DebugGame_Editor|x64
		{63EFC46B-37BB-4404-A892-72C5E0D1CCA5}.DebugGame|Win32.ActiveCfg = DebugGame|Win32
		{63EFC46B-37BB-4404-A892-72C5E0D1CCA5}.DebugGame|Win32.Build.0 = DebugGame|Win32
		{63EFC46B-37BB-4404-A892-72C5E0D1CCA5}.DebugGame|Win64.ActiveCfg = DebugGame|x64
		{63EFC46B-37BB-4404-A892-72C5E0D1CCA5}.DebugGame|Win64.Build.0 = DebugGame|x64
		{63EFC46B-37BB-4404-A892-72C5E0D1CCA5}.Development Editor|Win32.ActiveCfg = Invalid|Win32
		{63EFC46B-37BB-4404-A892-72C5E0D1CCA5}.Development Editor|Win64.ActiveCfg = Development_Editor|x64
		{63EFC46B-37BB-4404-A892-72C5E0D1CCA5}.Development Editor|Win64.Build.0 = Development_Editor|x64
		{63EFC46B-37BB-4404-A892-72C5E0D1CCA5}.Development|Win32.ActiveCfg = Development|Win32
		{63EFC46B-37BB-4404-A892-72C5E0D1CCA5}.Development|Win32.Build.0 = Development|Win32
		{63EFC46B-37BB-4404-A892-72C5E0D1CCA5}.Development|Win64.ActiveCfg = Development|x64
		{63EFC46B-37BB-4404-A892-72C5E0D1CCA5}.Development|Win64.Build.0 = Development|x64
		{63EFC46B-37BB-4404-A892-72C5E0D1CCA5}.Shipping|Win32.ActiveCfg = Shipping|Win32
		{63EFC46B-37BB-4404-A892-72C5E0D1CCA5}.Shipping|Win32.Build.0 = Shipping|Win32
		{63EFC46B-37BB-4404-A892-72C5E0D1CCA5}.Shipping|Win64.ActiveCfg = Shipping|x64
		{63EFC46B-37BB-4404-A892-72C5E0D1CCA5}.Shipping|Win64.Build.0 = Shipping|x64
	EndGlobalSection
	GlobalSection(SolutionProperties) = preSolution
		HideSolutionNode = FALSE
	EndGlobalSection
	GlobalSection(NestedProjects) = preSolution
		{FE72B186-AAFB-4644-BBD4-B40677C5F3F2} = {38F0FE84-C1B0-403F-8917-379345CFD033}
		{63EFC46B-37BB-4404-A892-72C5E0D1CCA5} = {79F491F0-6815-4AAD-8A04-9E1E215547BB}
	EndGlobalSection
EndGlobal
