
Microsoft Visual Studio Solution File, Format Version 12.00
# Visual Studio Version 16
VisualStudioVersion = 16.0.28315.86
MinimumVisualStudioVersion = 10.0.40219.1
Project("{2150E333-8FDC-42A3-9474-1A3956D46DE8}") = "Engine", "Engine", "{33664553-5D0A-4D91-8979-B9CF17293E77}"
EndProject
Project("{2150E333-8FDC-42A3-9474-1A3956D46DE8}") = "Games", "Games", "{3003C82E-F8AA-47E5-A66B-6B7C4122F376}"
EndProject
Project("{8BC9CEB8-8B4A-11D0-8D11-00A0C91BC942}") = "UE4", "Intermediate\ProjectFiles\UE4.vcxproj", "{736F5548-F504-46A8-81E9-D676BD687876}"
EndProject
Project("{8BC9CEB8-8B4A-11D0-8D11-00A0C91BC942}") = "AdvGamesProgramming", "Intermediate\ProjectFiles\AdvGamesProgramming.vcxproj", "{688992E9-0790-486F-8CD8-5DFB1D5DF7E8}"
EndProject
Project("{2150E333-8FDC-42A3-9474-1A3956D46DE8}") = "Visualizers", "Visualizers", "{F3164A4A-444C-4F1B-9CF6-B3CD5E52C337}"
	ProjectSection(SolutionItems) = preProject
		..\..\..\..\Program Files\Epic Games\UE_4.24\Engine\Extras\VisualStudioDebugging\UE4.natvis = ..\..\..\..\Program Files\Epic Games\UE_4.24\Engine\Extras\VisualStudioDebugging\UE4.natvis
	EndProjectSection
EndProject
Global
	GlobalSection(SolutionConfigurationPlatforms) = preSolution
		DebugGame Editor|Win32 = DebugGame Editor|Win32
		DebugGame Editor|Win64 = DebugGame Editor|Win64
		DebugGame|Win32 = DebugGame|Win32
		DebugGame|Win64 = DebugGame|Win64
		Development Editor|Win32 = Development Editor|Win32
		Development Editor|Win64 = Development Editor|Win64
		Development|Win32 = Development|Win32
		Development|Win64 = Development|Win64
		Shipping|Win32 = Shipping|Win32
		Shipping|Win64 = Shipping|Win64
	EndGlobalSection
	GlobalSection(ProjectConfigurationPlatforms) = postSolution
		{736F5548-F504-46A8-81E9-D676BD687876}.DebugGame Editor|Win32.ActiveCfg = BuiltWithUnrealBuildTool|Win32
		{736F5548-F504-46A8-81E9-D676BD687876}.DebugGame Editor|Win64.ActiveCfg = BuiltWithUnrealBuildTool|Win32
		{736F5548-F504-46A8-81E9-D676BD687876}.DebugGame|Win32.ActiveCfg = BuiltWithUnrealBuildTool|Win32
		{736F5548-F504-46A8-81E9-D676BD687876}.DebugGame|Win64.ActiveCfg = BuiltWithUnrealBuildTool|Win32
		{736F5548-F504-46A8-81E9-D676BD687876}.Development Editor|Win32.ActiveCfg = BuiltWithUnrealBuildTool|Win32
		{736F5548-F504-46A8-81E9-D676BD687876}.Development Editor|Win64.ActiveCfg = BuiltWithUnrealBuildTool|Win32
		{736F5548-F504-46A8-81E9-D676BD687876}.Development|Win32.ActiveCfg = BuiltWithUnrealBuildTool|Win32
		{736F5548-F504-46A8-81E9-D676BD687876}.Development|Win64.ActiveCfg = BuiltWithUnrealBuildTool|Win32
		{736F5548-F504-46A8-81E9-D676BD687876}.Shipping|Win32.ActiveCfg = BuiltWithUnrealBuildTool|Win32
		{736F5548-F504-46A8-81E9-D676BD687876}.Shipping|Win64.ActiveCfg = BuiltWithUnrealBuildTool|Win32
		{688992E9-0790-486F-8CD8-5DFB1D5DF7E8}.DebugGame Editor|Win32.ActiveCfg = Invalid|Win32
		{688992E9-0790-486F-8CD8-5DFB1D5DF7E8}.DebugGame Editor|Win64.ActiveCfg = DebugGame_Editor|x64
		{688992E9-0790-486F-8CD8-5DFB1D5DF7E8}.DebugGame Editor|Win64.Build.0 = DebugGame_Editor|x64
		{688992E9-0790-486F-8CD8-5DFB1D5DF7E8}.DebugGame|Win32.ActiveCfg = DebugGame|Win32
		{688992E9-0790-486F-8CD8-5DFB1D5DF7E8}.DebugGame|Win32.Build.0 = DebugGame|Win32
		{688992E9-0790-486F-8CD8-5DFB1D5DF7E8}.DebugGame|Win64.ActiveCfg = DebugGame|x64
		{688992E9-0790-486F-8CD8-5DFB1D5DF7E8}.DebugGame|Win64.Build.0 = DebugGame|x64
		{688992E9-0790-486F-8CD8-5DFB1D5DF7E8}.Development Editor|Win32.ActiveCfg = Invalid|Win32
		{688992E9-0790-486F-8CD8-5DFB1D5DF7E8}.Development Editor|Win64.ActiveCfg = Development_Editor|x64
		{688992E9-0790-486F-8CD8-5DFB1D5DF7E8}.Development Editor|Win64.Build.0 = Development_Editor|x64
		{688992E9-0790-486F-8CD8-5DFB1D5DF7E8}.Development|Win32.ActiveCfg = Development|Win32
		{688992E9-0790-486F-8CD8-5DFB1D5DF7E8}.Development|Win32.Build.0 = Development|Win32
		{688992E9-0790-486F-8CD8-5DFB1D5DF7E8}.Development|Win64.ActiveCfg = Development|x64
		{688992E9-0790-486F-8CD8-5DFB1D5DF7E8}.Development|Win64.Build.0 = Development|x64
		{688992E9-0790-486F-8CD8-5DFB1D5DF7E8}.Shipping|Win32.ActiveCfg = Shipping|Win32
		{688992E9-0790-486F-8CD8-5DFB1D5DF7E8}.Shipping|Win32.Build.0 = Shipping|Win32
		{688992E9-0790-486F-8CD8-5DFB1D5DF7E8}.Shipping|Win64.ActiveCfg = Shipping|x64
		{688992E9-0790-486F-8CD8-5DFB1D5DF7E8}.Shipping|Win64.Build.0 = Shipping|x64
	EndGlobalSection
	GlobalSection(SolutionProperties) = preSolution
		HideSolutionNode = FALSE
	EndGlobalSection
	GlobalSection(NestedProjects) = preSolution
		{736F5548-F504-46A8-81E9-D676BD687876} = {33664553-5D0A-4D91-8979-B9CF17293E77}
		{688992E9-0790-486F-8CD8-5DFB1D5DF7E8} = {3003C82E-F8AA-47E5-A66B-6B7C4122F376}
	EndGlobalSection
EndGlobal
